// !$*UTF8*$!
{
	archiveVersion = 1;
	classes = {
	};
	objectVersion = 56;
	objects = {

/* Begin PBXBuildFile section */
		0D37A7FD2BAE68B70071F221 /* CardApp.swift in Sources */ = {isa = PBXBuildFile; fileRef = 0D37A7FC2BAE68B70071F221 /* CardApp.swift */; };
		0D37A7FF2BAE68B70071F221 /* CardsView.swift in Sources */ = {isa = PBXBuildFile; fileRef = 0D37A7FE2BAE68B70071F221 /* CardsView.swift */; };
		0D37A8012BAE68B90071F221 /* Assets.xcassets in Resources */ = {isa = PBXBuildFile; fileRef = 0D37A8002BAE68B90071F221 /* Assets.xcassets */; };
		0D37A8042BAE68B90071F221 /* Preview Assets.xcassets in Resources */ = {isa = PBXBuildFile; fileRef = 0D37A8032BAE68B90071F221 /* Preview Assets.xcassets */; };
		0D37A80B2BAEC4540071F221 /* Card.swift in Sources */ = {isa = PBXBuildFile; fileRef = 0D37A80A2BAEC4540071F221 /* Card.swift */; };
		0D6542B62BB840F400F8503B /* Stack.swift in Sources */ = {isa = PBXBuildFile; fileRef = 0D6542B52BB840F400F8503B /* Stack.swift */; };
		0D6542B82BB8420900F8503B /* ContentView.swift in Sources */ = {isa = PBXBuildFile; fileRef = 0D6542B72BB8420900F8503B /* ContentView.swift */; };
		0DB0E6162BC6BAA4007124A6 /* VerticalCarousel.swift in Sources */ = {isa = PBXBuildFile; fileRef = 0DB0E6152BC6BAA4007124A6 /* VerticalCarousel.swift */; };
		0DB0E61A2BC6BC4C007124A6 /* FullHStack.swift in Sources */ = {isa = PBXBuildFile; fileRef = 0DB0E6192BC6BC4C007124A6 /* FullHStack.swift */; };
		0DB0E61C2BC6CDD7007124A6 /* ChevronButton.swift in Sources */ = {isa = PBXBuildFile; fileRef = 0DB0E61B2BC6CDD7007124A6 /* ChevronButton.swift */; };
		0DB0E6212BC6DFE3007124A6 /* MoveEdgeWithOpacity.swift in Sources */ = {isa = PBXBuildFile; fileRef = 0DB0E6202BC6DFE3007124A6 /* MoveEdgeWithOpacity.swift */; };
		0DB0E6232BC6E625007124A6 /* ShortenedButton.swift in Sources */ = {isa = PBXBuildFile; fileRef = 0DB0E6222BC6E625007124A6 /* ShortenedButton.swift */; };
		0DB0E6252BC6E80B007124A6 /* CardsIndexView.swift in Sources */ = {isa = PBXBuildFile; fileRef = 0DB0E6242BC6E80B007124A6 /* CardsIndexView.swift */; };
		0DB0E6272BC76DF0007124A6 /* VisualEffectView.swift in Sources */ = {isa = PBXBuildFile; fileRef = 0DB0E6262BC76DF0007124A6 /* VisualEffectView.swift */; };
/* End PBXBuildFile section */

/* Begin PBXFileReference section */
		0D37A7F92BAE68B70071F221 /* Card.app */ = {isa = PBXFileReference; explicitFileType = wrapper.application; includeInIndex = 0; path = Card.app; sourceTree = BUILT_PRODUCTS_DIR; };
		0D37A7FC2BAE68B70071F221 /* CardApp.swift */ = {isa = PBXFileReference; lastKnownFileType = sourcecode.swift; path = CardApp.swift; sourceTree = "<group>"; };
		0D37A7FE2BAE68B70071F221 /* CardsView.swift */ = {isa = PBXFileReference; lastKnownFileType = sourcecode.swift; path = CardsView.swift; sourceTree = "<group>"; };
		0D37A8002BAE68B90071F221 /* Assets.xcassets */ = {isa = PBXFileReference; lastKnownFileType = folder.assetcatalog; path = Assets.xcassets; sourceTree = "<group>"; };
		0D37A8032BAE68B90071F221 /* Preview Assets.xcassets */ = {isa = PBXFileReference; lastKnownFileType = folder.assetcatalog; path = "Preview Assets.xcassets"; sourceTree = "<group>"; };
		0D37A80A2BAEC4540071F221 /* Card.swift */ = {isa = PBXFileReference; lastKnownFileType = sourcecode.swift; path = Card.swift; sourceTree = "<group>"; };
		0D6542B52BB840F400F8503B /* Stack.swift */ = {isa = PBXFileReference; lastKnownFileType = sourcecode.swift; path = Stack.swift; sourceTree = "<group>"; };
		0D6542B72BB8420900F8503B /* ContentView.swift */ = {isa = PBXFileReference; lastKnownFileType = sourcecode.swift; path = ContentView.swift; sourceTree = "<group>"; };
		0DB0E6152BC6BAA4007124A6 /* VerticalCarousel.swift */ = {isa = PBXFileReference; lastKnownFileType = sourcecode.swift; path = VerticalCarousel.swift; sourceTree = "<group>"; };
		0DB0E6192BC6BC4C007124A6 /* FullHStack.swift */ = {isa = PBXFileReference; lastKnownFileType = sourcecode.swift; path = FullHStack.swift; sourceTree = "<group>"; };
		0DB0E61B2BC6CDD7007124A6 /* ChevronButton.swift */ = {isa = PBXFileReference; lastKnownFileType = sourcecode.swift; path = ChevronButton.swift; sourceTree = "<group>"; };
		0DB0E6202BC6DFE3007124A6 /* MoveEdgeWithOpacity.swift */ = {isa = PBXFileReference; lastKnownFileType = sourcecode.swift; path = MoveEdgeWithOpacity.swift; sourceTree = "<group>"; };
		0DB0E6222BC6E625007124A6 /* ShortenedButton.swift */ = {isa = PBXFileReference; lastKnownFileType = sourcecode.swift; path = ShortenedButton.swift; sourceTree = "<group>"; };
		0DB0E6242BC6E80B007124A6 /* CardsIndexView.swift */ = {isa = PBXFileReference; lastKnownFileType = sourcecode.swift; path = CardsIndexView.swift; sourceTree = "<group>"; };
		0DB0E6262BC76DF0007124A6 /* VisualEffectView.swift */ = {isa = PBXFileReference; lastKnownFileType = sourcecode.swift; path = VisualEffectView.swift; sourceTree = "<group>"; };
/* End PBXFileReference section */

/* Begin PBXFrameworksBuildPhase section */
		0D37A7F62BAE68B70071F221 /* Frameworks */ = {
			isa = PBXFrameworksBuildPhase;
			buildActionMask = 2147483647;
			files = (
			);
			runOnlyForDeploymentPostprocessing = 0;
		};
/* End PBXFrameworksBuildPhase section */

/* Begin PBXGroup section */
		0D37A7F02BAE68B70071F221 = {
			isa = PBXGroup;
			children = (
				0D37A7FB2BAE68B70071F221 /* Card */,
				0D37A7FA2BAE68B70071F221 /* Products */,
			);
			sourceTree = "<group>";
		};
		0D37A7FA2BAE68B70071F221 /* Products */ = {
			isa = PBXGroup;
			children = (
				0D37A7F92BAE68B70071F221 /* Card.app */,
			);
			name = Products;
			sourceTree = "<group>";
		};
		0D37A7FB2BAE68B70071F221 /* Card */ = {
			isa = PBXGroup;
			children = (
				0D37A7FC2BAE68B70071F221 /* CardApp.swift */,
				0D6542B72BB8420900F8503B /* ContentView.swift */,
				0D37A7FE2BAE68B70071F221 /* CardsView.swift */,
				0DB0E6262BC76DF0007124A6 /* VisualEffectView.swift */,
				0DB0E6242BC6E80B007124A6 /* CardsIndexView.swift */,
				0DB0E6222BC6E625007124A6 /* ShortenedButton.swift */,
				0DB0E61B2BC6CDD7007124A6 /* ChevronButton.swift */,
				0DB0E61F2BC6DFCC007124A6 /* Transition */,
				0DB0E6182BC6BAB9007124A6 /* Layout */,
				0D6542B92BB8425600F8503B /* Model */,
				0D37A8002BAE68B90071F221 /* Assets.xcassets */,
				0D37A8022BAE68B90071F221 /* Preview Content */,
			);
			path = Card;
			sourceTree = "<group>";
		};
		0D37A8022BAE68B90071F221 /* Preview Content */ = {
			isa = PBXGroup;
			children = (
				0D37A8032BAE68B90071F221 /* Preview Assets.xcassets */,
			);
			path = "Preview Content";
			sourceTree = "<group>";
		};
		0D6542B92BB8425600F8503B /* Model */ = {
			isa = PBXGroup;
			children = (
				0D37A80A2BAEC4540071F221 /* Card.swift */,
				0D6542B52BB840F400F8503B /* Stack.swift */,
			);
			path = Model;
			sourceTree = "<group>";
		};
		0DB0E6182BC6BAB9007124A6 /* Layout */ = {
			isa = PBXGroup;
			children = (
				0DB0E6152BC6BAA4007124A6 /* VerticalCarousel.swift */,
				0DB0E6192BC6BC4C007124A6 /* FullHStack.swift */,
			);
			path = Layout;
			sourceTree = "<group>";
		};
		0DB0E61F2BC6DFCC007124A6 /* Transition */ = {
			isa = PBXGroup;
			children = (
				0DB0E6202BC6DFE3007124A6 /* MoveEdgeWithOpacity.swift */,
			);
			path = Transition;
			sourceTree = "<group>";
		};
/* End PBXGroup section */

/* Begin PBXNativeTarget section */
		0D37A7F82BAE68B70071F221 /* Card */ = {
			isa = PBXNativeTarget;
			buildConfigurationList = 0D37A8072BAE68B90071F221 /* Build configuration list for PBXNativeTarget "Card" */;
			buildPhases = (
				0D37A7F52BAE68B70071F221 /* Sources */,
				0D37A7F62BAE68B70071F221 /* Frameworks */,
				0D37A7F72BAE68B70071F221 /* Resources */,
			);
			buildRules = (
			);
			dependencies = (
			);
			name = Card;
			productName = Card;
			productReference = 0D37A7F92BAE68B70071F221 /* Card.app */;
			productType = "com.apple.product-type.application";
		};
/* End PBXNativeTarget section */

/* Begin PBXProject section */
		0D37A7F12BAE68B70071F221 /* Project object */ = {
			isa = PBXProject;
			attributes = {
				BuildIndependentTargetsInParallel = 1;
				LastSwiftUpdateCheck = 1530;
				LastUpgradeCheck = 1530;
				TargetAttributes = {
					0D37A7F82BAE68B70071F221 = {
						CreatedOnToolsVersion = 15.3;
					};
				};
			};
			buildConfigurationList = 0D37A7F42BAE68B70071F221 /* Build configuration list for PBXProject "Card" */;
			compatibilityVersion = "Xcode 14.0";
			developmentRegion = en;
			hasScannedForEncodings = 0;
			knownRegions = (
				en,
				Base,
			);
			mainGroup = 0D37A7F02BAE68B70071F221;
			productRefGroup = 0D37A7FA2BAE68B70071F221 /* Products */;
			projectDirPath = "";
			projectRoot = "";
			targets = (
				0D37A7F82BAE68B70071F221 /* Card */,
			);
		};
/* End PBXProject section */

/* Begin PBXResourcesBuildPhase section */
		0D37A7F72BAE68B70071F221 /* Resources */ = {
			isa = PBXResourcesBuildPhase;
			buildActionMask = 2147483647;
			files = (
				0D37A8042BAE68B90071F221 /* Preview Assets.xcassets in Resources */,
				0D37A8012BAE68B90071F221 /* Assets.xcassets in Resources */,
			);
			runOnlyForDeploymentPostprocessing = 0;
		};
/* End PBXResourcesBuildPhase section */

/* Begin PBXSourcesBuildPhase section */
		0D37A7F52BAE68B70071F221 /* Sources */ = {
			isa = PBXSourcesBuildPhase;
			buildActionMask = 2147483647;
			files = (
				0DB0E61A2BC6BC4C007124A6 /* FullHStack.swift in Sources */,
				0D6542B62BB840F400F8503B /* Stack.swift in Sources */,
				0DB0E6252BC6E80B007124A6 /* CardsIndexView.swift in Sources */,
				0DB0E6272BC76DF0007124A6 /* VisualEffectView.swift in Sources */,
				0D6542B82BB8420900F8503B /* ContentView.swift in Sources */,
				0D37A7FF2BAE68B70071F221 /* CardsView.swift in Sources */,
				0DB0E6212BC6DFE3007124A6 /* MoveEdgeWithOpacity.swift in Sources */,
				0D37A80B2BAEC4540071F221 /* Card.swift in Sources */,
				0DB0E6232BC6E625007124A6 /* ShortenedButton.swift in Sources */,
				0D37A7FD2BAE68B70071F221 /* CardApp.swift in Sources */,
				0DB0E6162BC6BAA4007124A6 /* VerticalCarousel.swift in Sources */,
				0DB0E61C2BC6CDD7007124A6 /* ChevronButton.swift in Sources */,
			);
			runOnlyForDeploymentPostprocessing = 0;
		};
/* End PBXSourcesBuildPhase section */

/* Begin XCBuildConfiguration section */
		0D37A8052BAE68B90071F221 /* Debug */ = {
			isa = XCBuildConfiguration;
			buildSettings = {
				ALWAYS_SEARCH_USER_PATHS = NO;
				ASSETCATALOG_COMPILER_GENERATE_SWIFT_ASSET_SYMBOL_EXTENSIONS = YES;
				CLANG_ANALYZER_NONNULL = YES;
				CLANG_ANALYZER_NUMBER_OBJECT_CONVERSION = YES_AGGRESSIVE;
				CLANG_CXX_LANGUAGE_STANDARD = "gnu++20";
				CLANG_ENABLE_MODULES = YES;
				CLANG_ENABLE_OBJC_ARC = YES;
				CLANG_ENABLE_OBJC_WEAK = YES;
				CLANG_WARN_BLOCK_CAPTURE_AUTORELEASING = YES;
				CLANG_WARN_BOOL_CONVERSION = YES;
				CLANG_WARN_COMMA = YES;
				CLANG_WARN_CONSTANT_CONVERSION = YES;
				CLANG_WARN_DEPRECATED_OBJC_IMPLEMENTATIONS = YES;
				CLANG_WARN_DIRECT_OBJC_ISA_USAGE = YES_ERROR;
				CLANG_WARN_DOCUMENTATION_COMMENTS = YES;
				CLANG_WARN_EMPTY_BODY = YES;
				CLANG_WARN_ENUM_CONVERSION = YES;
				CLANG_WARN_INFINITE_RECURSION = YES;
				CLANG_WARN_INT_CONVERSION = YES;
				CLANG_WARN_NON_LITERAL_NULL_CONVERSION = YES;
				CLANG_WARN_OBJC_IMPLICIT_RETAIN_SELF = YES;
				CLANG_WARN_OBJC_LITERAL_CONVERSION = YES;
				CLANG_WARN_OBJC_ROOT_CLASS = YES_ERROR;
				CLANG_WARN_QUOTED_INCLUDE_IN_FRAMEWORK_HEADER = YES;
				CLANG_WARN_RANGE_LOOP_ANALYSIS = YES;
				CLANG_WARN_STRICT_PROTOTYPES = YES;
				CLANG_WARN_SUSPICIOUS_MOVE = YES;
				CLANG_WARN_UNGUARDED_AVAILABILITY = YES_AGGRESSIVE;
				CLANG_WARN_UNREACHABLE_CODE = YES;
				CLANG_WARN__DUPLICATE_METHOD_MATCH = YES;
				COPY_PHASE_STRIP = NO;
				DEBUG_INFORMATION_FORMAT = dwarf;
				ENABLE_STRICT_OBJC_MSGSEND = YES;
				ENABLE_TESTABILITY = YES;
				ENABLE_USER_SCRIPT_SANDBOXING = YES;
				GCC_C_LANGUAGE_STANDARD = gnu17;
				GCC_DYNAMIC_NO_PIC = NO;
				GCC_NO_COMMON_BLOCKS = YES;
				GCC_OPTIMIZATION_LEVEL = 0;
				GCC_PREPROCESSOR_DEFINITIONS = (
					"DEBUG=1",
					"$(inherited)",
				);
				GCC_WARN_64_TO_32_BIT_CONVERSION = YES;
				GCC_WARN_ABOUT_RETURN_TYPE = YES_ERROR;
				GCC_WARN_UNDECLARED_SELECTOR = YES;
				GCC_WARN_UNINITIALIZED_AUTOS = YES_AGGRESSIVE;
				GCC_WARN_UNUSED_FUNCTION = YES;
				GCC_WARN_UNUSED_VARIABLE = YES;
				IPHONEOS_DEPLOYMENT_TARGET = 17.4;
				LOCALIZATION_PREFERS_STRING_CATALOGS = YES;
				MTL_ENABLE_DEBUG_INFO = INCLUDE_SOURCE;
				MTL_FAST_MATH = YES;
				ONLY_ACTIVE_ARCH = YES;
				SDKROOT = iphoneos;
				SWIFT_ACTIVE_COMPILATION_CONDITIONS = "DEBUG $(inherited)";
				SWIFT_OPTIMIZATION_LEVEL = "-Onone";
			};
			name = Debug;
		};
		0D37A8062BAE68B90071F221 /* Release */ = {
			isa = XCBuildConfiguration;
			buildSettings = {
				ALWAYS_SEARCH_USER_PATHS = NO;
				ASSETCATALOG_COMPILER_GENERATE_SWIFT_ASSET_SYMBOL_EXTENSIONS = YES;
				CLANG_ANALYZER_NONNULL = YES;
				CLANG_ANALYZER_NUMBER_OBJECT_CONVERSION = YES_AGGRESSIVE;
				CLANG_CXX_LANGUAGE_STANDARD = "gnu++20";
				CLANG_ENABLE_MODULES = YES;
				CLANG_ENABLE_OBJC_ARC = YES;
				CLANG_ENABLE_OBJC_WEAK = YES;
				CLANG_WARN_BLOCK_CAPTURE_AUTORELEASING = YES;
				CLANG_WARN_BOOL_CONVERSION = YES;
				CLANG_WARN_COMMA = YES;
				CLANG_WARN_CONSTANT_CONVERSION = YES;
				CLANG_WARN_DEPRECATED_OBJC_IMPLEMENTATIONS = YES;
				CLANG_WARN_DIRECT_OBJC_ISA_USAGE = YES_ERROR;
				CLANG_WARN_DOCUMENTATION_COMMENTS = YES;
				CLANG_WARN_EMPTY_BODY = YES;
				CLANG_WARN_ENUM_CONVERSION = YES;
				CLANG_WARN_INFINITE_RECURSION = YES;
				CLANG_WARN_INT_CONVERSION = YES;
				CLANG_WARN_NON_LITERAL_NULL_CONVERSION = YES;
				CLANG_WARN_OBJC_IMPLICIT_RETAIN_SELF = YES;
				CLANG_WARN_OBJC_LITERAL_CONVERSION = YES;
				CLANG_WARN_OBJC_ROOT_CLASS = YES_ERROR;
				CLANG_WARN_QUOTED_INCLUDE_IN_FRAMEWORK_HEADER = YES;
				CLANG_WARN_RANGE_LOOP_ANALYSIS = YES;
				CLANG_WARN_STRICT_PROTOTYPES = YES;
				CLANG_WARN_SUSPICIOUS_MOVE = YES;
				CLANG_WARN_UNGUARDED_AVAILABILITY = YES_AGGRESSIVE;
				CLANG_WARN_UNREACHABLE_CODE = YES;
				CLANG_WARN__DUPLICATE_METHOD_MATCH = YES;
				COPY_PHASE_STRIP = NO;
				DEBUG_INFORMATION_FORMAT = "dwarf-with-dsym";
				ENABLE_NS_ASSERTIONS = NO;
				ENABLE_STRICT_OBJC_MSGSEND = YES;
				ENABLE_USER_SCRIPT_SANDBOXING = YES;
				GCC_C_LANGUAGE_STANDARD = gnu17;
				GCC_NO_COMMON_BLOCKS = YES;
				GCC_WARN_64_TO_32_BIT_CONVERSION = YES;
				GCC_WARN_ABOUT_RETURN_TYPE = YES_ERROR;
				GCC_WARN_UNDECLARED_SELECTOR = YES;
				GCC_WARN_UNINITIALIZED_AUTOS = YES_AGGRESSIVE;
				GCC_WARN_UNUSED_FUNCTION = YES;
				GCC_WARN_UNUSED_VARIABLE = YES;
				IPHONEOS_DEPLOYMENT_TARGET = 17.4;
				LOCALIZATION_PREFERS_STRING_CATALOGS = YES;
				MTL_ENABLE_DEBUG_INFO = NO;
				MTL_FAST_MATH = YES;
				SDKROOT = iphoneos;
				SWIFT_COMPILATION_MODE = wholemodule;
				VALIDATE_PRODUCT = YES;
			};
			name = Release;
		};
		0D37A8082BAE68B90071F221 /* Debug */ = {
			isa = XCBuildConfiguration;
			buildSettings = {
				ASSETCATALOG_COMPILER_APPICON_NAME = AppIcon;
				ASSETCATALOG_COMPILER_GLOBAL_ACCENT_COLOR_NAME = AccentColor;
				CODE_SIGN_STYLE = Automatic;
				CURRENT_PROJECT_VERSION = 1;
				DEVELOPMENT_ASSET_PATHS = "\"Card/Preview Content\"";
				DEVELOPMENT_TEAM = UM34485SJG;
				ENABLE_PREVIEWS = YES;
				GENERATE_INFOPLIST_FILE = YES;
				INFOPLIST_KEY_UIApplicationSceneManifest_Generation = YES;
				INFOPLIST_KEY_UIApplicationSupportsIndirectInputEvents = YES;
				INFOPLIST_KEY_UILaunchScreen_Generation = YES;
				INFOPLIST_KEY_UISupportedInterfaceOrientations = "UIInterfaceOrientationLandscapeLeft UIInterfaceOrientationLandscapeRight UIInterfaceOrientationPortrait";
				LD_RUNPATH_SEARCH_PATHS = (
					"$(inherited)",
					"@executable_path/Frameworks",
				);
				MARKETING_VERSION = 1.0;
				PRODUCT_BUNDLE_IDENTIFIER = com.seungsub.Card;
				PRODUCT_NAME = "$(TARGET_NAME)";
				SWIFT_EMIT_LOC_STRINGS = YES;
				SWIFT_VERSION = 5.0;
				TARGETED_DEVICE_FAMILY = "1,2";
			};
			name = Debug;
		};
		0D37A8092BAE68B90071F221 /* Release */ = {
			isa = XCBuildConfiguration;
			buildSettings = {
				ASSETCATALOG_COMPILER_APPICON_NAME = AppIcon;
				ASSETCATALOG_COMPILER_GLOBAL_ACCENT_COLOR_NAME = AccentColor;
				CODE_SIGN_STYLE = Automatic;
				CURRENT_PROJECT_VERSION = 1;
				DEVELOPMENT_ASSET_PATHS = "\"Card/Preview Content\"";
				DEVELOPMENT_TEAM = UM34485SJG;
				ENABLE_PREVIEWS = YES;
				GENERATE_INFOPLIST_FILE = YES;
				INFOPLIST_KEY_UIApplicationSceneManifest_Generation = YES;
				INFOPLIST_KEY_UIApplicationSupportsIndirectInputEvents = YES;
				INFOPLIST_KEY_UILaunchScreen_Generation = YES;
				INFOPLIST_KEY_UISupportedInterfaceOrientations = "UIInterfaceOrientationLandscapeLeft UIInterfaceOrientationLandscapeRight UIInterfaceOrientationPortrait";
				LD_RUNPATH_SEARCH_PATHS = (
					"$(inherited)",
					"@executable_path/Frameworks",
				);
				MARKETING_VERSION = 1.0;
				PRODUCT_BUNDLE_IDENTIFIER = com.seungsub.Card;
				PRODUCT_NAME = "$(TARGET_NAME)";
				SWIFT_EMIT_LOC_STRINGS = YES;
				SWIFT_VERSION = 5.0;
				TARGETED_DEVICE_FAMILY = "1,2";
			};
			name = Release;
		};
/* End XCBuildConfiguration section */

/* Begin XCConfigurationList section */
		0D37A7F42BAE68B70071F221 /* Build configuration list for PBXProject "Card" */ = {
			isa = XCConfigurationList;
			buildConfigurations = (
				0D37A8052BAE68B90071F221 /* Debug */,
				0D37A8062BAE68B90071F221 /* Release */,
			);
			defaultConfigurationIsVisible = 0;
			defaultConfigurationName = Release;
		};
		0D37A8072BAE68B90071F221 /* Build configuration list for PBXNativeTarget "Card" */ = {
			isa = XCConfigurationList;
			buildConfigurations = (
				0D37A8082BAE68B90071F221 /* Debug */,
				0D37A8092BAE68B90071F221 /* Release */,
			);
			defaultConfigurationIsVisible = 0;
			defaultConfigurationName = Release;
		};
/* End XCConfigurationList section */
	};
	rootObject = 0D37A7F12BAE68B70071F221 /* Project object */;
}
